// !$*UTF8*$!
{
	archiveVersion = 1;
	classes = {
	};
	objectVersion = 48;
	objects = {

/* Begin PBXBuildFile section */
		6E0D11DA200142BE008018F5 /* AppDelegate.m in Sources */ = {isa = PBXBuildFile; fileRef = 6E0D11D9200142BE008018F5 /* AppDelegate.m */; };
		6E0D11E0200142BE008018F5 /* Main.storyboard in Resources */ = {isa = PBXBuildFile; fileRef = 6E0D11DE200142BE008018F5 /* Main.storyboard */; };
		6E0D11E2200142BE008018F5 /* Assets.xcassets in Resources */ = {isa = PBXBuildFile; fileRef = 6E0D11E1200142BE008018F5 /* Assets.xcassets */; };
		6E0D11E5200142BE008018F5 /* LaunchScreen.storyboard in Resources */ = {isa = PBXBuildFile; fileRef = 6E0D11E3200142BE008018F5 /* LaunchScreen.storyboard */; };
		6E0D11E8200142BE008018F5 /* main.m in Sources */ = {isa = PBXBuildFile; fileRef = 6E0D11E7200142BE008018F5 /* main.m */; };
		6E0D11F2200142BE008018F5 /* RedAlertTests.m in Sources */ = {isa = PBXBuildFile; fileRef = 6E0D11F1200142BE008018F5 /* RedAlertTests.m */; };
		6E0D11FD200142BE008018F5 /* RedAlertUITests.m in Sources */ = {isa = PBXBuildFile; fileRef = 6E0D11FC200142BE008018F5 /* RedAlertUITests.m */; };
		6E0D120C200142F4008018F5 /* PDDViewController.m in Sources */ = {isa = PBXBuildFile; fileRef = 6E0D120B200142F4008018F5 /* PDDViewController.m */; };
/* End PBXBuildFile section */

/* Begin PBXContainerItemProxy section */
		6E0D11EE200142BE008018F5 /* PBXContainerItemProxy */ = {
			isa = PBXContainerItemProxy;
			containerPortal = 6E0D11CD200142BE008018F5 /* Project object */;
			proxyType = 1;
			remoteGlobalIDString = 6E0D11D4200142BE008018F5;
			remoteInfo = RedAlert;
		};
		6E0D11F9200142BE008018F5 /* PBXContainerItemProxy */ = {
			isa = PBXContainerItemProxy;
			containerPortal = 6E0D11CD200142BE008018F5 /* Project object */;
			proxyType = 1;
			remoteGlobalIDString = 6E0D11D4200142BE008018F5;
			remoteInfo = RedAlert;
		};
/* End PBXContainerItemProxy section */

/* Begin PBXFileReference section */
		6E0D11D5200142BE008018F5 /* RedAlert.app */ = {isa = PBXFileReference; explicitFileType = wrapper.application; includeInIndex = 0; path = RedAlert.app; sourceTree = BUILT_PRODUCTS_DIR; };
		6E0D11D8200142BE008018F5 /* AppDelegate.h */ = {isa = PBXFileReference; lastKnownFileType = sourcecode.c.h; path = AppDelegate.h; sourceTree = "<group>"; };
		6E0D11D9200142BE008018F5 /* AppDelegate.m */ = {isa = PBXFileReference; lastKnownFileType = sourcecode.c.objc; path = AppDelegate.m; sourceTree = "<group>"; };
		6E0D11DF200142BE008018F5 /* Base */ = {isa = PBXFileReference; lastKnownFileType = file.storyboard; name = Base; path = Base.lproj/Main.storyboard; sourceTree = "<group>"; };
		6E0D11E1200142BE008018F5 /* Assets.xcassets */ = {isa = PBXFileReference; lastKnownFileType = folder.assetcatalog; path = Assets.xcassets; sourceTree = "<group>"; };
		6E0D11E4200142BE008018F5 /* Base */ = {isa = PBXFileReference; lastKnownFileType = file.storyboard; name = Base; path = Base.lproj/LaunchScreen.storyboard; sourceTree = "<group>"; };
		6E0D11E6200142BE008018F5 /* Info.plist */ = {isa = PBXFileReference; lastKnownFileType = text.plist.xml; path = Info.plist; sourceTree = "<group>"; };
		6E0D11E7200142BE008018F5 /* main.m */ = {isa = PBXFileReference; lastKnownFileType = sourcecode.c.objc; path = main.m; sourceTree = "<group>"; };
		6E0D11ED200142BE008018F5 /* RedAlertTests.xctest */ = {isa = PBXFileReference; explicitFileType = wrapper.cfbundle; includeInIndex = 0; path = RedAlertTests.xctest; sourceTree = BUILT_PRODUCTS_DIR; };
		6E0D11F1200142BE008018F5 /* RedAlertTests.m */ = {isa = PBXFileReference; lastKnownFileType = sourcecode.c.objc; path = RedAlertTests.m; sourceTree = "<group>"; };
		6E0D11F3200142BE008018F5 /* Info.plist */ = {isa = PBXFileReference; lastKnownFileType = text.plist.xml; path = Info.plist; sourceTree = "<group>"; };
		6E0D11F8200142BE008018F5 /* RedAlertUITests.xctest */ = {isa = PBXFileReference; explicitFileType = wrapper.cfbundle; includeInIndex = 0; path = RedAlertUITests.xctest; sourceTree = BUILT_PRODUCTS_DIR; };
		6E0D11FC200142BE008018F5 /* RedAlertUITests.m */ = {isa = PBXFileReference; lastKnownFileType = sourcecode.c.objc; path = RedAlertUITests.m; sourceTree = "<group>"; };
		6E0D11FE200142BE008018F5 /* Info.plist */ = {isa = PBXFileReference; lastKnownFileType = text.plist.xml; path = Info.plist; sourceTree = "<group>"; };
		6E0D120A200142F4008018F5 /* PDDViewController.h */ = {isa = PBXFileReference; lastKnownFileType = sourcecode.c.h; path = PDDViewController.h; sourceTree = "<group>"; };
		6E0D120B200142F4008018F5 /* PDDViewController.m */ = {isa = PBXFileReference; lastKnownFileType = sourcecode.c.objc; path = PDDViewController.m; sourceTree = "<group>"; };
/* End PBXFileReference section */

/* Begin PBXFrameworksBuildPhase section */
		6E0D11D2200142BE008018F5 /* Frameworks */ = {
			isa = PBXFrameworksBuildPhase;
			buildActionMask = 2147483647;
			files = (
			);
			runOnlyForDeploymentPostprocessing = 0;
		};
		6E0D11EA200142BE008018F5 /* Frameworks */ = {
			isa = PBXFrameworksBuildPhase;
			buildActionMask = 2147483647;
			files = (
			);
			runOnlyForDeploymentPostprocessing = 0;
		};
		6E0D11F5200142BE008018F5 /* Frameworks */ = {
			isa = PBXFrameworksBuildPhase;
			buildActionMask = 2147483647;
			files = (
			);
			runOnlyForDeploymentPostprocessing = 0;
		};
/* End PBXFrameworksBuildPhase section */

/* Begin PBXGroup section */
		6E0D11CC200142BE008018F5 = {
			isa = PBXGroup;
			children = (
				6E0D11D7200142BE008018F5 /* RedAlert */,
				6E0D11F0200142BE008018F5 /* RedAlertTests */,
				6E0D11FB200142BE008018F5 /* RedAlertUITests */,
				6E0D11D6200142BE008018F5 /* Products */,
			);
			sourceTree = "<group>";
		};
		6E0D11D6200142BE008018F5 /* Products */ = {
			isa = PBXGroup;
			children = (
				6E0D11D5200142BE008018F5 /* RedAlert.app */,
				6E0D11ED200142BE008018F5 /* RedAlertTests.xctest */,
				6E0D11F8200142BE008018F5 /* RedAlertUITests.xctest */,
			);
			name = Products;
			sourceTree = "<group>";
		};
		6E0D11D7200142BE008018F5 /* RedAlert */ = {
			isa = PBXGroup;
			children = (
				6E0D11D8200142BE008018F5 /* AppDelegate.h */,
				6E0D11D9200142BE008018F5 /* AppDelegate.m */,
				6E0D120A200142F4008018F5 /* PDDViewController.h */,
				6E0D120B200142F4008018F5 /* PDDViewController.m */,
				6E0D11DE200142BE008018F5 /* Main.storyboard */,
				6E0D11E1200142BE008018F5 /* Assets.xcassets */,
				6E0D11E3200142BE008018F5 /* LaunchScreen.storyboard */,
				6E0D11E6200142BE008018F5 /* Info.plist */,
				6E0D11E7200142BE008018F5 /* main.m */,
			);
			path = RedAlert;
			sourceTree = "<group>";
		};
		6E0D11F0200142BE008018F5 /* RedAlertTests */ = {
			isa = PBXGroup;
			children = (
				6E0D11F1200142BE008018F5 /* RedAlertTests.m */,
				6E0D11F3200142BE008018F5 /* Info.plist */,
			);
			path = RedAlertTests;
			sourceTree = "<group>";
		};
		6E0D11FB200142BE008018F5 /* RedAlertUITests */ = {
			isa = PBXGroup;
			children = (
				6E0D11FC200142BE008018F5 /* RedAlertUITests.m */,
				6E0D11FE200142BE008018F5 /* Info.plist */,
			);
			path = RedAlertUITests;
			sourceTree = "<group>";
		};
/* End PBXGroup section */

/* Begin PBXNativeTarget section */
		6E0D11D4200142BE008018F5 /* RedAlert */ = {
			isa = PBXNativeTarget;
			buildConfigurationList = 6E0D1201200142BE008018F5 /* Build configuration list for PBXNativeTarget "RedAlert" */;
			buildPhases = (
				6E0D11D1200142BE008018F5 /* Sources */,
				6E0D11D2200142BE008018F5 /* Frameworks */,
				6E0D11D3200142BE008018F5 /* Resources */,
			);
			buildRules = (
			);
			dependencies = (
			);
			name = RedAlert;
			productName = RedAlert;
			productReference = 6E0D11D5200142BE008018F5 /* RedAlert.app */;
			productType = "com.apple.product-type.application";
		};
		6E0D11EC200142BE008018F5 /* RedAlertTests */ = {
			isa = PBXNativeTarget;
			buildConfigurationList = 6E0D1204200142BE008018F5 /* Build configuration list for PBXNativeTarget "RedAlertTests" */;
			buildPhases = (
				6E0D11E9200142BE008018F5 /* Sources */,
				6E0D11EA200142BE008018F5 /* Frameworks */,
				6E0D11EB200142BE008018F5 /* Resources */,
			);
			buildRules = (
			);
			dependencies = (
				6E0D11EF200142BE008018F5 /* PBXTargetDependency */,
			);
			name = RedAlertTests;
			productName = RedAlertTests;
			productReference = 6E0D11ED200142BE008018F5 /* RedAlertTests.xctest */;
			productType = "com.apple.product-type.bundle.unit-test";
		};
		6E0D11F7200142BE008018F5 /* RedAlertUITests */ = {
			isa = PBXNativeTarget;
			buildConfigurationList = 6E0D1207200142BE008018F5 /* Build configuration list for PBXNativeTarget "RedAlertUITests" */;
			buildPhases = (
				6E0D11F4200142BE008018F5 /* Sources */,
				6E0D11F5200142BE008018F5 /* Frameworks */,
				6E0D11F6200142BE008018F5 /* Resources */,
			);
			buildRules = (
			);
			dependencies = (
				6E0D11FA200142BE008018F5 /* PBXTargetDependency */,
			);
			name = RedAlertUITests;
			productName = RedAlertUITests;
			productReference = 6E0D11F8200142BE008018F5 /* RedAlertUITests.xctest */;
			productType = "com.apple.product-type.bundle.ui-testing";
		};
/* End PBXNativeTarget section */

/* Begin PBXProject section */
		6E0D11CD200142BE008018F5 /* Project object */ = {
			isa = PBXProject;
			attributes = {
				CLASSPREFIX = PDD;
				LastUpgradeCheck = 0920;
				ORGANIZATIONNAME = "郝一鹏";
				TargetAttributes = {
					6E0D11D4200142BE008018F5 = {
						CreatedOnToolsVersion = 9.2;
						ProvisioningStyle = Automatic;
					};
					6E0D11EC200142BE008018F5 = {
						CreatedOnToolsVersion = 9.2;
						ProvisioningStyle = Automatic;
						TestTargetID = 6E0D11D4200142BE008018F5;
					};
					6E0D11F7200142BE008018F5 = {
						CreatedOnToolsVersion = 9.2;
						ProvisioningStyle = Automatic;
						TestTargetID = 6E0D11D4200142BE008018F5;
					};
				};
			};
			buildConfigurationList = 6E0D11D0200142BE008018F5 /* Build configuration list for PBXProject "RedAlert" */;
			compatibilityVersion = "Xcode 8.0";
			developmentRegion = en;
			hasScannedForEncodings = 0;
			knownRegions = (
				en,
				Base,
			);
			mainGroup = 6E0D11CC200142BE008018F5;
			productRefGroup = 6E0D11D6200142BE008018F5 /* Products */;
			projectDirPath = "";
			projectRoot = "";
			targets = (
				6E0D11D4200142BE008018F5 /* RedAlert */,
				6E0D11EC200142BE008018F5 /* RedAlertTests */,
				6E0D11F7200142BE008018F5 /* RedAlertUITests */,
			);
		};
/* End PBXProject section */

/* Begin PBXResourcesBuildPhase section */
		6E0D11D3200142BE008018F5 /* Resources */ = {
			isa = PBXResourcesBuildPhase;
			buildActionMask = 2147483647;
			files = (
				6E0D11E5200142BE008018F5 /* LaunchScreen.storyboard in Resources */,
				6E0D11E2200142BE008018F5 /* Assets.xcassets in Resources */,
				6E0D11E0200142BE008018F5 /* Main.storyboard in Resources */,
			);
			runOnlyForDeploymentPostprocessing = 0;
		};
		6E0D11EB200142BE008018F5 /* Resources */ = {
			isa = PBXResourcesBuildPhase;
			buildActionMask = 2147483647;
			files = (
			);
			runOnlyForDeploymentPostprocessing = 0;
		};
		6E0D11F6200142BE008018F5 /* Resources */ = {
			isa = PBXResourcesBuildPhase;
			buildActionMask = 2147483647;
			files = (
			);
			runOnlyForDeploymentPostprocessing = 0;
		};
/* End PBXResourcesBuildPhase section */

/* Begin PBXSourcesBuildPhase section */
		6E0D11D1200142BE008018F5 /* Sources */ = {
			isa = PBXSourcesBuildPhase;
			buildActionMask = 2147483647;
			files = (
				6E0D11E8200142BE008018F5 /* main.m in Sources */,
				6E0D11DA200142BE008018F5 /* AppDelegate.m in Sources */,
				6E0D120C200142F4008018F5 /* PDDViewController.m in Sources */,
			);
			runOnlyForDeploymentPostprocessing = 0;
		};
		6E0D11E9200142BE008018F5 /* Sources */ = {
			isa = PBXSourcesBuildPhase;
			buildActionMask = 2147483647;
			files = (
				6E0D11F2200142BE008018F5 /* RedAlertTests.m in Sources */,
			);
			runOnlyForDeploymentPostprocessing = 0;
		};
		6E0D11F4200142BE008018F5 /* Sources */ = {
			isa = PBXSourcesBuildPhase;
			buildActionMask = 2147483647;
			files = (
				6E0D11FD200142BE008018F5 /* RedAlertUITests.m in Sources */,
			);
			runOnlyForDeploymentPostprocessing = 0;
		};
/* End PBXSourcesBuildPhase section */

/* Begin PBXTargetDependency section */
		6E0D11EF200142BE008018F5 /* PBXTargetDependency */ = {
			isa = PBXTargetDependency;
			target = 6E0D11D4200142BE008018F5 /* RedAlert */;
			targetProxy = 6E0D11EE200142BE008018F5 /* PBXContainerItemProxy */;
		};
		6E0D11FA200142BE008018F5 /* PBXTargetDependency */ = {
			isa = PBXTargetDependency;
			target = 6E0D11D4200142BE008018F5 /* RedAlert */;
			targetProxy = 6E0D11F9200142BE008018F5 /* PBXContainerItemProxy */;
		};
/* End PBXTargetDependency section */

/* Begin PBXVariantGroup section */
		6E0D11DE200142BE008018F5 /* Main.storyboard */ = {
			isa = PBXVariantGroup;
			children = (
				6E0D11DF200142BE008018F5 /* Base */,
			);
			name = Main.storyboard;
			sourceTree = "<group>";
		};
		6E0D11E3200142BE008018F5 /* LaunchScreen.storyboard */ = {
			isa = PBXVariantGroup;
			children = (
				6E0D11E4200142BE008018F5 /* Base */,
			);
			name = LaunchScreen.storyboard;
			sourceTree = "<group>";
		};
/* End PBXVariantGroup section */

/* Begin XCBuildConfiguration section */
		6E0D11FF200142BE008018F5 /* Debug */ = {
			isa = XCBuildConfiguration;
			buildSettings = {
				ALWAYS_SEARCH_USER_PATHS = NO;
				CLANG_ANALYZER_NONNULL = YES;
				CLANG_ANALYZER_NUMBER_OBJECT_CONVERSION = YES_AGGRESSIVE;
				CLANG_CXX_LANGUAGE_STANDARD = "gnu++14";
				CLANG_CXX_LIBRARY = "libc++";
				CLANG_ENABLE_MODULES = YES;
				CLANG_ENABLE_OBJC_ARC = YES;
				CLANG_WARN_BLOCK_CAPTURE_AUTORELEASING = YES;
				CLANG_WARN_BOOL_CONVERSION = YES;
				CLANG_WARN_COMMA = YES;
				CLANG_WARN_CONSTANT_CONVERSION = YES;
				CLANG_WARN_DIRECT_OBJC_ISA_USAGE = YES_ERROR;
				CLANG_WARN_DOCUMENTATION_COMMENTS = YES;
				CLANG_WARN_EMPTY_BODY = YES;
				CLANG_WARN_ENUM_CONVERSION = YES;
				CLANG_WARN_INFINITE_RECURSION = YES;
				CLANG_WARN_INT_CONVERSION = YES;
				CLANG_WARN_NON_LITERAL_NULL_CONVERSION = YES;
				CLANG_WARN_OBJC_LITERAL_CONVERSION = YES;
				CLANG_WARN_OBJC_ROOT_CLASS = YES_ERROR;
				CLANG_WARN_RANGE_LOOP_ANALYSIS = YES;
				CLANG_WARN_STRICT_PROTOTYPES = YES;
				CLANG_WARN_SUSPICIOUS_MOVE = YES;
				CLANG_WARN_UNGUARDED_AVAILABILITY = YES_AGGRESSIVE;
				CLANG_WARN_UNREACHABLE_CODE = YES;
				CLANG_WARN__DUPLICATE_METHOD_MATCH = YES;
				CODE_SIGN_IDENTITY = "iPhone Developer";
				COPY_PHASE_STRIP = NO;
				DEBUG_INFORMATION_FORMAT = dwarf;
				ENABLE_STRICT_OBJC_MSGSEND = YES;
				ENABLE_TESTABILITY = YES;
				GCC_C_LANGUAGE_STANDARD = gnu11;
				GCC_DYNAMIC_NO_PIC = NO;
				GCC_NO_COMMON_BLOCKS = YES;
				GCC_OPTIMIZATION_LEVEL = 0;
				GCC_PREPROCESSOR_DEFINITIONS = (
					"DEBUG=1",
					"$(inherited)",
				);
				GCC_WARN_64_TO_32_BIT_CONVERSION = YES;
				GCC_WARN_ABOUT_RETURN_TYPE = YES_ERROR;
				GCC_WARN_UNDECLARED_SELECTOR = YES;
				GCC_WARN_UNINITIALIZED_AUTOS = YES_AGGRESSIVE;
				GCC_WARN_UNUSED_FUNCTION = YES;
				GCC_WARN_UNUSED_VARIABLE = YES;
				IPHONEOS_DEPLOYMENT_TARGET = 11.2;
				MTL_ENABLE_DEBUG_INFO = YES;
				ONLY_ACTIVE_ARCH = YES;
				SDKROOT = iphoneos;
			};
			name = Debug;
		};
		6E0D1200200142BE008018F5 /* Release */ = {
			isa = XCBuildConfiguration;
			buildSettings = {
				ALWAYS_SEARCH_USER_PATHS = NO;
				CLANG_ANALYZER_NONNULL = YES;
				CLANG_ANALYZER_NUMBER_OBJECT_CONVERSION = YES_AGGRESSIVE;
				CLANG_CXX_LANGUAGE_STANDARD = "gnu++14";
				CLANG_CXX_LIBRARY = "libc++";
				CLANG_ENABLE_MODULES = YES;
				CLANG_ENABLE_OBJC_ARC = YES;
				CLANG_WARN_BLOCK_CAPTURE_AUTORELEASING = YES;
				CLANG_WARN_BOOL_CONVERSION = YES;
				CLANG_WARN_COMMA = YES;
				CLANG_WARN_CONSTANT_CONVERSION = YES;
				CLANG_WARN_DIRECT_OBJC_ISA_USAGE = YES_ERROR;
				CLANG_WARN_DOCUMENTATION_COMMENTS = YES;
				CLANG_WARN_EMPTY_BODY = YES;
				CLANG_WARN_ENUM_CONVERSION = YES;
				CLANG_WARN_INFINITE_RECURSION = YES;
				CLANG_WARN_INT_CONVERSION = YES;
				CLANG_WARN_NON_LITERAL_NULL_CONVERSION = YES;
				CLANG_WARN_OBJC_LITERAL_CONVERSION = YES;
				CLANG_WARN_OBJC_ROOT_CLASS = YES_ERROR;
				CLANG_WARN_RANGE_LOOP_ANALYSIS = YES;
				CLANG_WARN_STRICT_PROTOTYPES = YES;
				CLANG_WARN_SUSPICIOUS_MOVE = YES;
				CLANG_WARN_UNGUARDED_AVAILABILITY = YES_AGGRESSIVE;
				CLANG_WARN_UNREACHABLE_CODE = YES;
				CLANG_WARN__DUPLICATE_METHOD_MATCH = YES;
				CODE_SIGN_IDENTITY = "iPhone Developer";
				COPY_PHASE_STRIP = NO;
				DEBUG_INFORMATION_FORMAT = "dwarf-with-dsym";
				ENABLE_NS_ASSERTIONS = NO;
				ENABLE_STRICT_OBJC_MSGSEND = YES;
				GCC_C_LANGUAGE_STANDARD = gnu11;
				GCC_NO_COMMON_BLOCKS = YES;
				GCC_WARN_64_TO_32_BIT_CONVERSION = YES;
				GCC_WARN_ABOUT_RETURN_TYPE = YES_ERROR;
				GCC_WARN_UNDECLARED_SELECTOR = YES;
				GCC_WARN_UNINITIALIZED_AUTOS = YES_AGGRESSIVE;
				GCC_WARN_UNUSED_FUNCTION = YES;
				GCC_WARN_UNUSED_VARIABLE = YES;
				IPHONEOS_DEPLOYMENT_TARGET = 11.2;
				MTL_ENABLE_DEBUG_INFO = NO;
				SDKROOT = iphoneos;
				VALIDATE_PRODUCT = YES;
			};
			name = Release;
		};
		6E0D1202200142BE008018F5 /* Debug */ = {
			isa = XCBuildConfiguration;
			buildSettings = {
				ASSETCATALOG_COMPILER_APPICON_NAME = AppIcon;
				"CODE_SIGN_IDENTITY[sdk=iphoneos*]" = "iPhone Developer";
				CODE_SIGN_STYLE = Automatic;
				DEVELOPMENT_TEAM = 8H2FDT6QCT;
				INFOPLIST_FILE = RedAlert/Info.plist;
				IPHONEOS_DEPLOYMENT_TARGET = 11.2;
				LD_RUNPATH_SEARCH_PATHS = "$(inherited) @executable_path/Frameworks";
				PRODUCT_BUNDLE_IDENTIFIER = com.Pandada.RedAlert;
				PRODUCT_NAME = "$(TARGET_NAME)";
				PROVISIONING_PROFILE_SPECIFIER = "";
				TARGETED_DEVICE_FAMILY = "1,2";
			};
			name = Debug;
		};
		6E0D1203200142BE008018F5 /* Release */ = {
			isa = XCBuildConfiguration;
			buildSettings = {
				ASSETCATALOG_COMPILER_APPICON_NAME = AppIcon;
				"CODE_SIGN_IDENTITY[sdk=iphoneos*]" = "iPhone Developer";
				CODE_SIGN_STYLE = Automatic;
				DEVELOPMENT_TEAM = 8H2FDT6QCT;
				INFOPLIST_FILE = RedAlert/Info.plist;
				IPHONEOS_DEPLOYMENT_TARGET = 11.2;
				LD_RUNPATH_SEARCH_PATHS = "$(inherited) @executable_path/Frameworks";
				PRODUCT_BUNDLE_IDENTIFIER = com.Pandada.RedAlert;
				PRODUCT_NAME = "$(TARGET_NAME)";
				PROVISIONING_PROFILE_SPECIFIER = "";
				TARGETED_DEVICE_FAMILY = "1,2";
			};
			name = Release;
		};
		6E0D1205200142BE008018F5 /* Debug */ = {
			isa = XCBuildConfiguration;
			buildSettings = {
				BUNDLE_LOADER = "$(TEST_HOST)";
				CODE_SIGN_STYLE = Automatic;
				DEVELOPMENT_TEAM = 8H2FDT6QCT;
				INFOPLIST_FILE = RedAlertTests/Info.plist;
				LD_RUNPATH_SEARCH_PATHS = "$(inherited) @executable_path/Frameworks @loader_path/Frameworks";
				PRODUCT_BUNDLE_IDENTIFIER = com.Pandada.RedAlertTests;
				PRODUCT_NAME = "$(TARGET_NAME)";
				TARGETED_DEVICE_FAMILY = "1,2";
				TEST_HOST = "$(BUILT_PRODUCTS_DIR)/RedAlert.app/RedAlert";
			};
			name = Debug;
		};
		6E0D1206200142BE008018F5 /* Release */ = {
			isa = XCBuildConfiguration;
			buildSettings = {
				BUNDLE_LOADER = "$(TEST_HOST)";
				CODE_SIGN_STYLE = Automatic;
				DEVELOPMENT_TEAM = 8H2FDT6QCT;
				INFOPLIST_FILE = RedAlertTests/Info.plist;
				LD_RUNPATH_SEARCH_PATHS = "$(inherited) @executable_path/Frameworks @loader_path/Frameworks";
				PRODUCT_BUNDLE_IDENTIFIER = com.Pandada.RedAlertTests;
				PRODUCT_NAME = "$(TARGET_NAME)";
				TARGETED_DEVICE_FAMILY = "1,2";
				TEST_HOST = "$(BUILT_PRODUCTS_DIR)/RedAlert.app/RedAlert";
			};
			name = Release;
		};
		6E0D1208200142BE008018F5 /* Debug */ = {
			isa = XCBuildConfiguration;
			buildSettings = {
				CODE_SIGN_STYLE = Automatic;
				DEVELOPMENT_TEAM = 8H2FDT6QCT;
				INFOPLIST_FILE = RedAlertUITests/Info.plist;
				LD_RUNPATH_SEARCH_PATHS = "$(inherited) @executable_path/Frameworks @loader_path/Frameworks";
				PRODUCT_BUNDLE_IDENTIFIER = com.Pandada.RedAlertUITests;
				PRODUCT_NAME = "$(TARGET_NAME)";
				TARGETED_DEVICE_FAMILY = "1,2";
				TEST_TARGET_NAME = RedAlert;
			};
			name = Debug;
		};
		6E0D1209200142BE008018F5 /* Release */ = {
			isa = XCBuildConfiguration;
			buildSettings = {
				CODE_SIGN_STYLE = Automatic;
				DEVELOPMENT_TEAM = 8H2FDT6QCT;
				INFOPLIST_FILE = RedAlertUITests/Info.plist;
				LD_RUNPATH_SEARCH_PATHS = "$(inherited) @executable_path/Frameworks @loader_path/Frameworks";
				PRODUCT_BUNDLE_IDENTIFIER = com.Pandada.RedAlertUITests;
				PRODUCT_NAME = "$(TARGET_NAME)";
				TARGETED_DEVICE_FAMILY = "1,2";
				TEST_TARGET_NAME = RedAlert;
			};
			name = Release;
		};
/* End XCBuildConfiguration section */

/* Begin XCConfigurationList section */
		6E0D11D0200142BE008018F5 /* Build configuration list for PBXProject "RedAlert" */ = {
			isa = XCConfigurationList;
			buildConfigurations = (
				6E0D11FF200142BE008018F5 /* Debug */,
				6E0D1200200142BE008018F5 /* Release */,
			);
			defaultConfigurationIsVisible = 0;
			defaultConfigurationName = Release;
		};
		6E0D1201200142BE008018F5 /* Build configuration list for PBXNativeTarget "RedAlert" */ = {
			isa = XCConfigurationList;
			buildConfigurations = (
				6E0D1202200142BE008018F5 /* Debug */,
				6E0D1203200142BE008018F5 /* Release */,
			);
			defaultConfigurationIsVisible = 0;
			defaultConfigurationName = Release;
		};
		6E0D1204200142BE008018F5 /* Build configuration list for PBXNativeTarget "RedAlertTests" */ = {
			isa = XCConfigurationList;
			buildConfigurations = (
				6E0D1205200142BE008018F5 /* Debug */,
				6E0D1206200142BE008018F5 /* Release */,
			);
			defaultConfigurationIsVisible = 0;
			defaultConfigurationName = Release;
		};
		6E0D1207200142BE008018F5 /* Build configuration list for PBXNativeTarget "RedAlertUITests" */ = {
			isa = XCConfigurationList;
			buildConfigurations = (
				6E0D1208200142BE008018F5 /* Debug */,
				6E0D1209200142BE008018F5 /* Release */,
			);
			defaultConfigurationIsVisible = 0;
			defaultConfigurationName = Release;
		};
/* End XCConfigurationList section */
	};
	rootObject = 6E0D11CD200142BE008018F5 /* Project object */;
}
